lockfileVersion: 5.3

specifiers:
  '@ffmpeg/core': ^0.10.0
  '@ffmpeg/ffmpeg': ^0.10.1
  axios: ^0.25.0
  axios-retry: ^3.2.4
  commander: ^8.3.0
  eslint: ^8.7.0
  eslint-config-prettier: ^8.3.0
  eslint-plugin-prettier: ^4.0.0
  lodash-es: ^4.17.21
  minimist: ^1.2.5
  multi-progress: ^4.0.0
  prettier: ^2.5.1
  progress: ^2.0.3

dependencies:
  '@ffmpeg/core': 0.10.0
  '@ffmpeg/ffmpeg': 0.10.1
  axios: 0.25.0
  axios-retry: 3.2.4
  commander: 8.3.0
  lodash-es: mirrors.tencent.com/lodash-es/4.17.21
  minimist: mirrors.tencent.com/minimist/1.2.5
  multi-progress: 4.0.0_progress@2.0.3
  progress: 2.0.3

devDependencies:
  eslint: 8.7.0
  eslint-config-prettier: 8.3.0_eslint@8.7.0
  eslint-plugin-prettier: 4.0.0_4660519532e4c3b0a9e5bb6623cfedf6
  prettier: 2.5.1

packages:

  /@babel/runtime/7.16.7:
    resolution: {integrity: sha512-9E9FJowqAsytyOY6LG+1KuueckRL+aQW+mKvXRXnuFGyRAyepJPmEo9vgMfXUA6O9u3IeEdv9MAkppFcaQwogQ==}
    engines: {node: '>=6.9.0'}
    dependencies:
      regenerator-runtime: 0.13.9
    dev: false

  /@eslint/eslintrc/1.0.5:
    resolution: {integrity: sha512-BLxsnmK3KyPunz5wmCCpqy0YelEoxxGmH73Is+Z74oOTMtExcjkr3dDR6quwrjh1YspA8DH9gnX1o069KiS9AQ==, tarball: '@eslint/eslintrc/download/@eslint/eslintrc-1.0.5.tgz'}
    engines: {node: ^12.22.0 || ^14.17.0 || >=16.0.0}
    dependencies:
      ajv: 6.12.6
      debug: 4.3.3
      espree: 9.3.0
      globals: 13.12.0
      ignore: 4.0.6
      import-fresh: 3.3.0
      js-yaml: 4.1.0
      minimatch: 3.0.4
      strip-json-comments: 3.1.1
    transitivePeerDependencies:
      - supports-color
    dev: true

  /@ffmpeg/core/0.10.0:
    resolution: {integrity: sha512-qunWJl5PezpXEm31tb8Qu5z37B5KVA1VYZCpXchMhuAb3X9T7PuE3SlhOwphEoRhzaOa3lpofDfzihAUMFaVPQ==}
    dev: false

  /@ffmpeg/ffmpeg/0.10.1:
    resolution: {integrity: sha512-ChQkH7Rh57hmVo1LhfQFibWX/xqneolJKSwItwZdKPcLZuKigtYAYDIvB55pDfP17VtR1R77SxgkB2/UApB+Og==}
    engines: {node: '>=12.16.1'}
    dependencies:
      is-url: 1.2.4
      node-fetch: 2.6.7
      regenerator-runtime: 0.13.9
      resolve-url: 0.2.1
    transitivePeerDependencies:
      - encoding
    dev: false

  /@humanwhocodes/config-array/0.9.2:
    resolution: {integrity: sha1-aL5VxzcCMAnfxf4kXVEYG7ZHaRQ=, tarball: '@humanwhocodes/config-array/download/@humanwhocodes/config-array-0.9.2.tgz'}
    engines: {node: '>=10.10.0'}
    dependencies:
      '@humanwhocodes/object-schema': 1.2.1
      debug: 4.3.3
      minimatch: 3.0.4
    transitivePeerDependencies:
      - supports-color
    dev: true

  /@humanwhocodes/object-schema/1.2.1:
    resolution: {integrity: sha1-tSBSnsIdjllFoYUd/Rwy6U45/0U=, tarball: '@humanwhocodes/object-schema/download/@humanwhocodes/object-schema-1.2.1.tgz'}
    dev: true

  /acorn-jsx/5.3.2_acorn@8.7.0:
    resolution: {integrity: sha1-ftW7VZCLOy8bxVxq8WU7rafweTc=, tarball: acorn-jsx/download/acorn-jsx-5.3.2.tgz}
    peerDependencies:
      acorn: ^6.0.0 || ^7.0.0 || ^8.0.0
    dependencies:
      acorn: 8.7.0
    dev: true

  /acorn/8.7.0:
    resolution: {integrity: sha512-V/LGr1APy+PXIwKebEWrkZPwoeoF+w1jiOBUmuxuiUIaOHtob8Qc9BTrYo7VuI5fR8tqsy+buA2WFooR5olqvQ==, tarball: acorn/download/acorn-8.7.0.tgz}
    engines: {node: '>=0.4.0'}
    hasBin: true
    dev: true

  /ajv/6.12.6:
    resolution: {integrity: sha512-j3fVLgvTo527anyYyJOGTYJbG+vnnQYvE0m5mmkc1TK+nxAppkCLMIL0aZ4dblVCNoGShhm+kzE4ZUykBoMg4g==, tarball: ajv/download/ajv-6.12.6.tgz}
    dependencies:
      fast-deep-equal: 3.1.3
      fast-json-stable-stringify: 2.1.0
      json-schema-traverse: 0.4.1
      uri-js: 4.4.1
    dev: true

  /ansi-regex/5.0.1:
    resolution: {integrity: sha1-CCyyyJyf6GWaMRpTvWpNxTAdswQ=, tarball: ansi-regex/download/ansi-regex-5.0.1.tgz}
    engines: {node: '>=8'}
    dev: true

  /ansi-styles/4.3.0:
    resolution: {integrity: sha512-zbB9rCJAT1rbjiVDb2hqKFHNYLxgtk8NURxZ3IZwD3F6NtxbXZQCnnSi1Lkx+IDohdPlFp222wVALIheZJQSEg==, tarball: ansi-styles/download/ansi-styles-4.3.0.tgz}
    engines: {node: '>=8'}
    dependencies:
      color-convert: 2.0.1
    dev: true

  /argparse/2.0.1:
    resolution: {integrity: sha1-JG9Q88p4oyQPbJl+ipvR6sSeSzg=, tarball: argparse/download/argparse-2.0.1.tgz}
    dev: true

  /axios-retry/3.2.4:
    resolution: {integrity: sha512-Co3UXiv4npi6lM963mfnuH90/YFLKWWDmoBYfxkHT5xtkSSWNqK9zdG3fw5/CP/dsoKB5aMMJCsgab+tp1OxLQ==}
    dependencies:
      '@babel/runtime': 7.16.7
      is-retry-allowed: 2.2.0
    dev: false

  /axios/0.25.0:
    resolution: {integrity: sha512-cD8FOb0tRH3uuEe6+evtAbgJtfxr7ly3fQjYcMcuPlgkwVS9xboaVIpcDV+cYQe+yGykgwZCs1pzjntcGa6l5g==}
    dependencies:
      follow-redirects: 1.14.7
    transitivePeerDependencies:
      - debug
    dev: false

  /balanced-match/1.0.2:
    resolution: {integrity: sha1-6D46fj8wCzTLnYf2FfoMvzV2kO4=, tarball: balanced-match/download/balanced-match-1.0.2.tgz}
    dev: true

  /brace-expansion/1.1.11:
    resolution: {integrity: sha1-PH/L9SnYcibz0vUrlm/1Jx60Qd0=, tarball: brace-expansion/download/brace-expansion-1.1.11.tgz}
    dependencies:
      balanced-match: 1.0.2
      concat-map: 0.0.1
    dev: true

  /callsites/3.1.0:
    resolution: {integrity: sha1-s2MKvYlDQy9Us/BRkjjjPNffL3M=, tarball: callsites/download/callsites-3.1.0.tgz}
    engines: {node: '>=6'}
    dev: true

  /chalk/4.1.2:
    resolution: {integrity: sha512-oKnbhFyRIXpUuez8iBMmyEa4nbj4IOQyuhc/wy9kY7/WVPcwIO9VA668Pu8RkO7+0G76SLROeyw9CpQ061i4mA==, tarball: chalk/download/chalk-4.1.2.tgz}
    engines: {node: '>=10'}
    dependencies:
      ansi-styles: 4.3.0
      supports-color: 7.2.0
    dev: true

  /color-convert/2.0.1:
    resolution: {integrity: sha1-ctOmjVmMm9s68q0ehPIdiWq9TeM=, tarball: color-convert/download/color-convert-2.0.1.tgz}
    engines: {node: '>=7.0.0'}
    dependencies:
      color-name: 1.1.4
    dev: true

  /color-name/1.1.4:
    resolution: {integrity: sha1-wqCah6y95pVD3m9j+jmVyCbFNqI=, tarball: color-name/download/color-name-1.1.4.tgz}
    dev: true

  /commander/8.3.0:
    resolution: {integrity: sha512-OkTL9umf+He2DZkUq8f8J9of7yL6RJKI24dVITBmNfZBmri9zYZQrKkuXiKhyfPSu8tUhnVBB1iKXevvnlR4Ww==}
    engines: {node: '>= 12'}
    dev: false

  /concat-map/0.0.1:
    resolution: {integrity: sha1-2Klr13/Wjfd5OnMDajug1UBdR3s=, tarball: concat-map/download/concat-map-0.0.1.tgz}
    dev: true

  /cross-spawn/7.0.3:
    resolution: {integrity: sha1-9zqFudXUHQRVUcF34ogtSshXKKY=, tarball: cross-spawn/download/cross-spawn-7.0.3.tgz}
    engines: {node: '>= 8'}
    dependencies:
      path-key: 3.1.1
      shebang-command: 2.0.0
      which: 2.0.2
    dev: true

  /debug/4.3.3:
    resolution: {integrity: sha512-/zxw5+vh1Tfv+4Qn7a5nsbcJKPaSvCDhojn6FEl9vupwK2VCSDtEiEtqr8DFtzYFOdz63LBkxec7DYuc2jon6Q==, tarball: debug/download/debug-4.3.3.tgz}
    engines: {node: '>=6.0'}
    peerDependencies:
      supports-color: '*'
    peerDependenciesMeta:
      supports-color:
        optional: true
    dependencies:
      ms: 2.1.2
    dev: true

  /deep-is/0.1.4:
    resolution: {integrity: sha1-pvLc5hL63S7x9Rm3NVHxfoUZmDE=, tarball: deep-is/download/deep-is-0.1.4.tgz}
    dev: true

  /doctrine/3.0.0:
    resolution: {integrity: sha1-rd6+rXKmV023g2OdyHoSF3OXOWE=, tarball: doctrine/download/doctrine-3.0.0.tgz}
    engines: {node: '>=6.0.0'}
    dependencies:
      esutils: 2.0.3
    dev: true

  /escape-string-regexp/4.0.0:
    resolution: {integrity: sha1-FLqDpdNz49MR5a/KKc9b+tllvzQ=, tarball: escape-string-regexp/download/escape-string-regexp-4.0.0.tgz}
    engines: {node: '>=10'}
    dev: true

  /eslint-config-prettier/8.3.0_eslint@8.7.0:
    resolution: {integrity: sha1-90cbILb+ipqSVMxoRFQgKIai3Xo=, tarball: eslint-config-prettier/download/eslint-config-prettier-8.3.0.tgz}
    hasBin: true
    peerDependencies:
      eslint: '>=7.0.0'
    dependencies:
      eslint: 8.7.0
    dev: true

  /eslint-plugin-prettier/4.0.0_4660519532e4c3b0a9e5bb6623cfedf6:
    resolution: {integrity: sha1-i5nR5LiySnYkcrRWeZICNhnLmOA=, tarball: eslint-plugin-prettier/download/eslint-plugin-prettier-4.0.0.tgz?cache=0&sync_timestamp=1636541961702&other_urls=https%3A%2F%2Fregistry.npmmirror.com%2Feslint-plugin-prettier%2Fdownload%2Feslint-plugin-prettier-4.0.0.tgz}
    engines: {node: '>=6.0.0'}
    peerDependencies:
      eslint: '>=7.28.0'
      eslint-config-prettier: '*'
      prettier: '>=2.0.0'
    peerDependenciesMeta:
      eslint-config-prettier:
        optional: true
    dependencies:
      eslint: 8.7.0
      eslint-config-prettier: 8.3.0_eslint@8.7.0
      prettier: 2.5.1
      prettier-linter-helpers: 1.0.0
    dev: true

  /eslint-scope/7.1.0:
    resolution: {integrity: sha512-aWwkhnS0qAXqNOgKOK0dJ2nvzEbhEvpy8OlJ9kZ0FeZnA6zpjv1/Vei+puGFFX7zkPCkHHXb7IDX3A+7yPrRWg==, tarball: eslint-scope/download/eslint-scope-7.1.0.tgz}
    engines: {node: ^12.22.0 || ^14.17.0 || >=16.0.0}
    dependencies:
      esrecurse: 4.3.0
      estraverse: 5.3.0
    dev: true

  /eslint-utils/3.0.0_eslint@8.7.0:
    resolution: {integrity: sha1-iuuvrOc0W7M1WdsKHxOh0tSMNnI=, tarball: eslint-utils/download/eslint-utils-3.0.0.tgz}
    engines: {node: ^10.0.0 || ^12.0.0 || >= 14.0.0}
    peerDependencies:
      eslint: '>=5'
    dependencies:
      eslint: 8.7.0
      eslint-visitor-keys: 2.1.0
    dev: true

  /eslint-visitor-keys/2.1.0:
    resolution: {integrity: sha1-9lMoJZMFknOSyTjtROsKXJsr0wM=, tarball: eslint-visitor-keys/download/eslint-visitor-keys-2.1.0.tgz}
    engines: {node: '>=10'}
    dev: true

  /eslint-visitor-keys/3.2.0:
    resolution: {integrity: sha512-IOzT0X126zn7ALX0dwFiUQEdsfzrm4+ISsQS8nukaJXwEyYKRSnEIIDULYg1mCtGp7UUXgfGl7BIolXREQK+XQ==, tarball: eslint-visitor-keys/download/eslint-visitor-keys-3.2.0.tgz}
    engines: {node: ^12.22.0 || ^14.17.0 || >=16.0.0}
    dev: true

  /eslint/8.7.0:
    resolution: {integrity: sha512-ifHYzkBGrzS2iDU7KjhCAVMGCvF6M3Xfs8X8b37cgrUlDt6bWRTpRh6T/gtSXv1HJ/BUGgmjvNvOEGu85Iif7w==, tarball: eslint/download/eslint-8.7.0.tgz}
    engines: {node: ^12.22.0 || ^14.17.0 || >=16.0.0}
    hasBin: true
    dependencies:
      '@eslint/eslintrc': 1.0.5
      '@humanwhocodes/config-array': 0.9.2
      ajv: 6.12.6
      chalk: 4.1.2
      cross-spawn: 7.0.3
      debug: 4.3.3
      doctrine: 3.0.0
      escape-string-regexp: 4.0.0
      eslint-scope: 7.1.0
      eslint-utils: 3.0.0_eslint@8.7.0
      eslint-visitor-keys: 3.2.0
      espree: 9.3.0
      esquery: 1.4.0
      esutils: 2.0.3
      fast-deep-equal: 3.1.3
      file-entry-cache: 6.0.1
      functional-red-black-tree: 1.0.1
      glob-parent: 6.0.2
      globals: 13.12.0
      ignore: 5.2.0
      import-fresh: 3.3.0
      imurmurhash: 0.1.4
      is-glob: 4.0.3
      js-yaml: 4.1.0
      json-stable-stringify-without-jsonify: 1.0.1
      levn: 0.4.1
      lodash.merge: 4.6.2
      minimatch: 3.0.4
      natural-compare: 1.4.0
      optionator: 0.9.1
      regexpp: 3.2.0
      strip-ansi: 6.0.1
      strip-json-comments: 3.1.1
      text-table: 0.2.0
      v8-compile-cache: 2.3.0
    transitivePeerDependencies:
      - supports-color
    dev: true

  /espree/9.3.0:
    resolution: {integrity: sha512-d/5nCsb0JcqsSEeQzFZ8DH1RmxPcglRWh24EFTlUEmCKoehXGdpsx0RkHDubqUI8LSAIKMQp4r9SzQ3n+sm4HQ==, tarball: espree/download/espree-9.3.0.tgz}
    engines: {node: ^12.22.0 || ^14.17.0 || >=16.0.0}
    dependencies:
      acorn: 8.7.0
      acorn-jsx: 5.3.2_acorn@8.7.0
      eslint-visitor-keys: 3.2.0
    dev: true

  /esquery/1.4.0:
    resolution: {integrity: sha1-IUj/w4uC6McFff7UhCWz5h8PJKU=, tarball: esquery/download/esquery-1.4.0.tgz}
    engines: {node: '>=0.10'}
    dependencies:
      estraverse: 5.3.0
    dev: true

  /esrecurse/4.3.0:
    resolution: {integrity: sha1-eteWTWeauyi+5yzsY3WLHF0smSE=, tarball: esrecurse/download/esrecurse-4.3.0.tgz}
    engines: {node: '>=4.0'}
    dependencies:
      estraverse: 5.3.0
    dev: true

  /estraverse/5.3.0:
    resolution: {integrity: sha1-LupSkHAvJquP5TcDcP+GyWXSESM=, tarball: estraverse/download/estraverse-5.3.0.tgz}
    engines: {node: '>=4.0'}
    dev: true

  /esutils/2.0.3:
    resolution: {integrity: sha1-dNLrTeC42hKTcRkQ1Qd1ubcQ72Q=, tarball: esutils/download/esutils-2.0.3.tgz}
    engines: {node: '>=0.10.0'}
    dev: true

  /fast-deep-equal/3.1.3:
    resolution: {integrity: sha1-On1WtVnWy8PrUSMlJE5hmmXGxSU=, tarball: fast-deep-equal/download/fast-deep-equal-3.1.3.tgz}
    dev: true

  /fast-diff/1.2.0:
    resolution: {integrity: sha1-c+4RmC2Gyq95WYKNUZz+kn+sXwM=, tarball: fast-diff/download/fast-diff-1.2.0.tgz}
    dev: true

  /fast-json-stable-stringify/2.1.0:
    resolution: {integrity: sha1-h0v2nG9ATCtdmcSBNBOZ/VWJJjM=, tarball: fast-json-stable-stringify/download/fast-json-stable-stringify-2.1.0.tgz}
    dev: true

  /fast-levenshtein/2.0.6:
    resolution: {integrity: sha1-PYpcZog6FqMMqGQ+hR8Zuqd5eRc=, tarball: fast-levenshtein/download/fast-levenshtein-2.0.6.tgz}
    dev: true

  /file-entry-cache/6.0.1:
    resolution: {integrity: sha1-IRst2WWcsDlLBz5zI6w8kz1SICc=, tarball: file-entry-cache/download/file-entry-cache-6.0.1.tgz}
    engines: {node: ^10.12.0 || >=12.0.0}
    dependencies:
      flat-cache: 3.0.4
    dev: true

  /flat-cache/3.0.4:
    resolution: {integrity: sha1-YbAzgwKy/p+Vfcwy/CqH8cMEixE=, tarball: flat-cache/download/flat-cache-3.0.4.tgz}
    engines: {node: ^10.12.0 || >=12.0.0}
    dependencies:
      flatted: 3.2.4
      rimraf: 3.0.2
    dev: true

  /flatted/3.2.4:
    resolution: {integrity: sha512-8/sOawo8tJ4QOBX8YlQBMxL8+RLZfxMQOif9o0KUKTNTjMYElWPE0r/m5VNFxTRd0NSw8qSy8dajrwX4RYI1Hw==, tarball: flatted/download/flatted-3.2.4.tgz}
    dev: true

  /follow-redirects/1.14.7:
    resolution: {integrity: sha512-+hbxoLbFMbRKDwohX8GkTataGqO6Jb7jGwpAlwgy2bIz25XtRm7KEzJM76R1WiNT5SwZkX4Y75SwBolkpmE7iQ==}
    engines: {node: '>=4.0'}
    peerDependencies:
      debug: '*'
    peerDependenciesMeta:
      debug:
        optional: true
    dev: false

  /fs.realpath/1.0.0:
    resolution: {integrity: sha1-FQStJSMVjKpA20onh8sBQRmU6k8=, tarball: fs.realpath/download/fs.realpath-1.0.0.tgz}
    dev: true

  /functional-red-black-tree/1.0.1:
    resolution: {integrity: sha1-GwqzvVU7Kg1jmdKcDj6gslIHgyc=, tarball: functional-red-black-tree/download/functional-red-black-tree-1.0.1.tgz}
    dev: true

  /glob-parent/6.0.2:
    resolution: {integrity: sha1-bSN9mQg5UMeSkPJMdkKj3poo+eM=, tarball: glob-parent/download/glob-parent-6.0.2.tgz}
    engines: {node: '>=10.13.0'}
    dependencies:
      is-glob: 4.0.3
    dev: true

  /glob/7.2.0:
    resolution: {integrity: sha512-lmLf6gtyrPq8tTjSmrO94wBeQbFR3HbLHbuyD69wuyQkImp2hWqMGB47OX65FBkPffO641IP9jWa1z4ivqG26Q==, tarball: glob/download/glob-7.2.0.tgz}
    dependencies:
      fs.realpath: 1.0.0
      inflight: 1.0.6
      inherits: 2.0.4
      minimatch: 3.0.4
      once: 1.4.0
      path-is-absolute: 1.0.1
    dev: true

  /globals/13.12.0:
    resolution: {integrity: sha1-TXM3YDBCMKAILtluIeXFZfiYCJ4=, tarball: globals/download/globals-13.12.0.tgz}
    engines: {node: '>=8'}
    dependencies:
      type-fest: 0.20.2
    dev: true

  /has-flag/4.0.0:
    resolution: {integrity: sha1-lEdx/ZyByBJlxNaUGGDaBrtZR5s=, tarball: has-flag/download/has-flag-4.0.0.tgz}
    engines: {node: '>=8'}
    dev: true

  /ignore/4.0.6:
    resolution: {integrity: sha512-cyFDKrqc/YdcWFniJhzI42+AzS+gNwmUzOSFcRCQYwySuBBBy/KjuxWLZ/FHEH6Moq1NizMOBWyTcv8O4OZIMg==, tarball: ignore/download/ignore-4.0.6.tgz}
    engines: {node: '>= 4'}
    dev: true

  /ignore/5.2.0:
    resolution: {integrity: sha512-CmxgYGiEPCLhfLnpPp1MoRmifwEIOgjcHXxOBjv7mY96c+eWScsOP9c112ZyLdWHi0FxHjI+4uVhKYp/gcdRmQ==, tarball: ignore/download/ignore-5.2.0.tgz}
    engines: {node: '>= 4'}
    dev: true

  /import-fresh/3.3.0:
    resolution: {integrity: sha1-NxYsJfy566oublPVtNiM4X2eDCs=, tarball: import-fresh/download/import-fresh-3.3.0.tgz}
    engines: {node: '>=6'}
    dependencies:
      parent-module: 1.0.1
      resolve-from: 4.0.0
    dev: true

  /imurmurhash/0.1.4:
    resolution: {integrity: sha1-khi5srkoojixPcT7a21XbyMUU+o=, tarball: imurmurhash/download/imurmurhash-0.1.4.tgz}
    engines: {node: '>=0.8.19'}
    dev: true

  /inflight/1.0.6:
    resolution: {integrity: sha1-Sb1jMdfQLQwJvJEKEHW6gWW1bfk=, tarball: inflight/download/inflight-1.0.6.tgz}
    dependencies:
      once: 1.4.0
      wrappy: 1.0.2
    dev: true

  /inherits/2.0.4:
    resolution: {integrity: sha1-D6LGT5MpF8NDOg3tVTY6rjdBa3w=, tarball: inherits/download/inherits-2.0.4.tgz}
    dev: true

  /is-extglob/2.1.1:
    resolution: {integrity: sha1-qIwCU1eR8C7TfHahueqXc8gz+MI=, tarball: is-extglob/download/is-extglob-2.1.1.tgz}
    engines: {node: '>=0.10.0'}
    dev: true

  /is-glob/4.0.3:
    resolution: {integrity: sha1-ZPYeQsu7LuwgcanawLKLoeZdUIQ=, tarball: is-glob/download/is-glob-4.0.3.tgz}
    engines: {node: '>=0.10.0'}
    dependencies:
      is-extglob: 2.1.1
    dev: true

  /is-retry-allowed/2.2.0:
    resolution: {integrity: sha512-XVm7LOeLpTW4jV19QSH38vkswxoLud8sQ57YwJVTPWdiaI9I8keEhGFpBlslyVsgdQy4Opg8QOLb8YRgsyZiQg==}
    engines: {node: '>=10'}
    dev: false

  /is-url/1.2.4:
    resolution: {integrity: sha512-ITvGim8FhRiYe4IQ5uHSkj7pVaPDrCTkNd3yq3cV7iZAcJdHTUMPMEHcqSOy9xZ9qFenQCvi+2wjH9a1nXqHww==}
    dev: false

  /isexe/2.0.0:
    resolution: {integrity: sha1-6PvzdNxVb/iUehDcsFctYz8s+hA=, tarball: isexe/download/isexe-2.0.0.tgz}
    dev: true

  /js-yaml/4.1.0:
    resolution: {integrity: sha512-wpxZs9NoxZaJESJGIZTyDEaYpl0FKSA+FB9aJiyemKhMwkxQg63h4T1KJgUGHpTqPDNRcmmYLugrRjJlBtWvRA==, tarball: js-yaml/download/js-yaml-4.1.0.tgz}
    hasBin: true
    dependencies:
      argparse: 2.0.1
    dev: true

  /json-schema-traverse/0.4.1:
    resolution: {integrity: sha1-afaofZUTq4u4/mO9sJecRI5oRmA=, tarball: json-schema-traverse/download/json-schema-traverse-0.4.1.tgz}
    dev: true

  /json-stable-stringify-without-jsonify/1.0.1:
    resolution: {integrity: sha1-nbe1lJatPzz+8wp1FC0tkwrXJlE=, tarball: json-stable-stringify-without-jsonify/download/json-stable-stringify-without-jsonify-1.0.1.tgz}
    dev: true

  /levn/0.4.1:
    resolution: {integrity: sha1-rkViwAdHO5MqYgDUAyaN0v/8at4=, tarball: levn/download/levn-0.4.1.tgz}
    engines: {node: '>= 0.8.0'}
    dependencies:
      prelude-ls: 1.2.1
      type-check: 0.4.0
    dev: true

  /lodash.merge/4.6.2:
    resolution: {integrity: sha1-VYqlO0O2YeGSWgr9+japoQhf5Xo=, tarball: lodash.merge/download/lodash.merge-4.6.2.tgz}
    dev: true

  /minimatch/3.0.4:
    resolution: {integrity: sha1-UWbihkV/AzBgZL5Ul+jbsMPTIIM=, tarball: minimatch/download/minimatch-3.0.4.tgz}
    dependencies:
      brace-expansion: 1.1.11
    dev: true

  /ms/2.1.2:
    resolution: {integrity: sha1-0J0fNXtEP0kzgqjrPM0YOHKuYAk=, tarball: ms/download/ms-2.1.2.tgz}
    dev: true

  /multi-progress/4.0.0_progress@2.0.3:
    resolution: {integrity: sha512-9zcjyOou3FFCKPXsmkbC3ethv51SFPoA4dJD6TscIp2pUmy26kBDZW6h9XofPELrzseSkuD7r0V+emGEeo39Pg==}
    peerDependencies:
      progress: ^2.0.0
    dependencies:
      progress: 2.0.3
    dev: false

  /natural-compare/1.4.0:
    resolution: {integrity: sha1-Sr6/7tdUHywnrPspvbvRXI1bpPc=, tarball: natural-compare/download/natural-compare-1.4.0.tgz}
    dev: true

  /node-fetch/2.6.7:
    resolution: {integrity: sha512-ZjMPFEfVx5j+y2yF35Kzx5sF7kDzxuDj6ziH4FFbOp87zKDZNx8yExJIb05OGF4Nlt9IHFIMBkRl41VdvcNdbQ==}
    engines: {node: 4.x || >=6.0.0}
    peerDependencies:
      encoding: ^0.1.0
    peerDependenciesMeta:
      encoding:
        optional: true
    dependencies:
      whatwg-url: 5.0.0
    dev: false

  /once/1.4.0:
    resolution: {integrity: sha1-WDsap3WWHUsROsF9nFC6753Xa9E=, tarball: once/download/once-1.4.0.tgz}
    dependencies:
      wrappy: 1.0.2
    dev: true

  /optionator/0.9.1:
    resolution: {integrity: sha1-TyNqY3Pa4FZqbUPhMmZ09QwpFJk=, tarball: optionator/download/optionator-0.9.1.tgz}
    engines: {node: '>= 0.8.0'}
    dependencies:
      deep-is: 0.1.4
      fast-levenshtein: 2.0.6
      levn: 0.4.1
      prelude-ls: 1.2.1
      type-check: 0.4.0
      word-wrap: 1.2.3
    dev: true

  /parent-module/1.0.1:
    resolution: {integrity: sha1-aR0nCeeMefrjoVZiJFLQB2LKqqI=, tarball: parent-module/download/parent-module-1.0.1.tgz}
    engines: {node: '>=6'}
    dependencies:
      callsites: 3.1.0
    dev: true

  /path-is-absolute/1.0.1:
    resolution: {integrity: sha1-F0uSaHNVNP+8es5r9TpanhtcX18=, tarball: path-is-absolute/download/path-is-absolute-1.0.1.tgz}
    engines: {node: '>=0.10.0'}
    dev: true

  /path-key/3.1.1:
    resolution: {integrity: sha1-WB9q3mWMu6ZaDTOA3ndTKVBU83U=, tarball: path-key/download/path-key-3.1.1.tgz}
    engines: {node: '>=8'}
    dev: true

  /prelude-ls/1.2.1:
    resolution: {integrity: sha1-3rxkidem5rDnYRiIzsiAM30xY5Y=, tarball: prelude-ls/download/prelude-ls-1.2.1.tgz}
    engines: {node: '>= 0.8.0'}
    dev: true

  /prettier-linter-helpers/1.0.0:
    resolution: {integrity: sha1-0j1B/hN1ZG3i0BBNNFSjAIgCz3s=, tarball: prettier-linter-helpers/download/prettier-linter-helpers-1.0.0.tgz}
    engines: {node: '>=6.0.0'}
    dependencies:
      fast-diff: 1.2.0
    dev: true

  /prettier/2.5.1:
    resolution: {integrity: sha512-vBZcPRUR5MZJwoyi3ZoyQlc1rXeEck8KgeC9AwwOn+exuxLxq5toTRDTSaVrXHxelDMHy9zlicw8u66yxoSUFg==, tarball: prettier/download/prettier-2.5.1.tgz}
    engines: {node: '>=10.13.0'}
    hasBin: true
    dev: true

  /progress/2.0.3:
    resolution: {integrity: sha512-7PiHtLll5LdnKIMw100I+8xJXR5gW2QwWYkT6iJva0bXitZKa/XMrSbdmg3r2Xnaidz9Qumd0VPaMrZlF9V9sA==}
    engines: {node: '>=0.4.0'}
    dev: false

  /punycode/2.1.1:
    resolution: {integrity: sha1-tYsBCsQMIsVldhbI0sLALHv0eew=, tarball: punycode/download/punycode-2.1.1.tgz}
    engines: {node: '>=6'}
    dev: true

  /regenerator-runtime/0.13.9:
    resolution: {integrity: sha512-p3VT+cOEgxFsRRA9X4lkI1E+k2/CtnKtU4gcxyaCUreilL/vqI6CdZ3wxVUx3UOUg+gnUOQQcRI7BmSI656MYA==}
    dev: false

  /regexpp/3.2.0:
    resolution: {integrity: sha1-BCWido2PI7rXDKS5BGH6LxIT4bI=, tarball: regexpp/download/regexpp-3.2.0.tgz?cache=0&sync_timestamp=1636099607570&other_urls=https%3A%2F%2Fregistry.npmmirror.com%2Fregexpp%2Fdownload%2Fregexpp-3.2.0.tgz}
    engines: {node: '>=8'}
    dev: true

  /resolve-from/4.0.0:
    resolution: {integrity: sha1-SrzYUq0y3Xuqv+m0DgCjbbXzkuY=, tarball: resolve-from/download/resolve-from-4.0.0.tgz}
    engines: {node: '>=4'}
    dev: true

  /resolve-url/0.2.1:
    resolution: {integrity: sha1-LGN/53yJOv0qZj/iGqkIAGjiBSo=}
    deprecated: https://github.com/lydell/resolve-url#deprecated
    dev: false

  /rimraf/3.0.2:
    resolution: {integrity: sha1-8aVAK6YiCtUswSgrrBrjqkn9Bho=, tarball: rimraf/download/rimraf-3.0.2.tgz}
    hasBin: true
    dependencies:
      glob: 7.2.0
    dev: true

  /shebang-command/2.0.0:
    resolution: {integrity: sha1-zNCvT4g1+9wmW4JGGq8MNmY/NOo=, tarball: shebang-command/download/shebang-command-2.0.0.tgz}
    engines: {node: '>=8'}
    dependencies:
      shebang-regex: 3.0.0
    dev: true

  /shebang-regex/3.0.0:
    resolution: {integrity: sha1-rhbxZE2HPsrYQ7AwexQzYtTEIXI=, tarball: shebang-regex/download/shebang-regex-3.0.0.tgz}
    engines: {node: '>=8'}
    dev: true

  /strip-ansi/6.0.1:
    resolution: {integrity: sha1-nibGPTD1NEPpSJSVshBdN7Z6hdk=, tarball: strip-ansi/download/strip-ansi-6.0.1.tgz}
    engines: {node: '>=8'}
    dependencies:
      ansi-regex: 5.0.1
    dev: true

  /strip-json-comments/3.1.1:
    resolution: {integrity: sha1-MfEoGzgyYwQ0gxwxDAHMzajL4AY=, tarball: strip-json-comments/download/strip-json-comments-3.1.1.tgz}
    engines: {node: '>=8'}
    dev: true

  /supports-color/7.2.0:
    resolution: {integrity: sha1-G33NyzK4E4gBs+R4umpRyqiWSNo=, tarball: supports-color/download/supports-color-7.2.0.tgz}
    engines: {node: '>=8'}
    dependencies:
      has-flag: 4.0.0
    dev: true

  /text-table/0.2.0:
    resolution: {integrity: sha1-f17oI66AUgfACvLfSoTsP8+lcLQ=, tarball: text-table/download/text-table-0.2.0.tgz}
    dev: true

  /tr46/0.0.3:
    resolution: {integrity: sha1-gYT9NH2snNwYWZLzpmIuFLnZq2o=}
    dev: false

  /type-check/0.4.0:
    resolution: {integrity: sha1-B7ggO/pwVsBlcFDjzNLDdzC6uPE=, tarball: type-check/download/type-check-0.4.0.tgz}
    engines: {node: '>= 0.8.0'}
    dependencies:
      prelude-ls: 1.2.1
    dev: true

  /type-fest/0.20.2:
    resolution: {integrity: sha1-G/IH9LKPkVg2ZstfvTJ4hzAc1fQ=, tarball: type-fest/download/type-fest-0.20.2.tgz}
    engines: {node: '>=10'}
    dev: true

  /uri-js/4.4.1:
    resolution: {integrity: sha1-mxpSWVIlhZ5V9mnZKPiMbFfyp34=, tarball: uri-js/download/uri-js-4.4.1.tgz}
    dependencies:
      punycode: 2.1.1
    dev: true

  /v8-compile-cache/2.3.0:
    resolution: {integrity: sha1-LeGWGMZtwkfc+2+ZM4A12CRaLO4=, tarball: v8-compile-cache/download/v8-compile-cache-2.3.0.tgz}
    dev: true

  /webidl-conversions/3.0.1:
    resolution: {integrity: sha1-JFNCdeKnvGvnvIZhHMFq4KVlSHE=}
    dev: false

  /whatwg-url/5.0.0:
    resolution: {integrity: sha1-lmRU6HZUYuN2RNNib2dCzotwll0=}
    dependencies:
      tr46: 0.0.3
      webidl-conversions: 3.0.1
    dev: false

  /which/2.0.2:
    resolution: {integrity: sha1-fGqN0KY2oDJ+ELWckobu6T8/UbE=, tarball: which/download/which-2.0.2.tgz}
    engines: {node: '>= 8'}
    hasBin: true
    dependencies:
      isexe: 2.0.0
    dev: true

  /word-wrap/1.2.3:
    resolution: {integrity: sha1-YQY29rH3A4kb00dxzLF/uTtHB5w=, tarball: word-wrap/download/word-wrap-1.2.3.tgz}
    engines: {node: '>=0.10.0'}
    dev: true

  /wrappy/1.0.2:
    resolution: {integrity: sha1-tSQ9jz7BqjXxNkYFvA0QNuMKtp8=, tarball: wrappy/download/wrappy-1.0.2.tgz}
    dev: true

  mirrors.tencent.com/lodash-es/4.17.21:
    resolution: {integrity: sha512-mKnC+QJ9pWVzv+C4/U3rRsHapFfHvQFoFB92e52xeyGMcX6/OlIl78je1u8vePzYZSkkogMPJ2yjxxsb89cxyw==, registry: https://mirrors.cloud.tencent.com/npm/, tarball: https://mirrors.tencent.com/npm/lodash-es/-/lodash-es-4.17.21.tgz}
    name: lodash-es
    version: 4.17.21
    dev: false

  mirrors.tencent.com/minimist/1.2.5:
    resolution: {integrity: sha512-FM9nNUYrRBAELZQT3xeZQ7fmMOBg6nWNmJKTcgsJeaLstP/UODVpGsr5OhXhhXg6f+qtJ8uiZ+PUxkDWcgIXLw==, registry: https://mirrors.cloud.tencent.com/npm/, tarball: https://mirrors.tencent.com/npm/minimist/-/minimist-1.2.5.tgz}
    name: minimist
    version: 1.2.5
    dev: false
