lockfileVersion: 5.3

specifiers:
  node-fetch: ^3.1.0

dependencies:
  node-fetch: mirrors.tencent.com/node-fetch/3.1.0

packages:

  mirrors.tencent.com/data-uri-to-buffer/4.0.0:
    resolution: {integrity: sha512-Vr3mLBA8qWmcuschSLAOogKgQ/Jwxulv3RNE4FXnYWRGujzrRWQI4m12fQqRkwX06C0KanhLr4hK+GydchZsaA==, registry: https://mirrors.cloud.tencent.com/npm/, tarball: http://mirrors.tencent.com/npm/data-uri-to-buffer/-/data-uri-to-buffer-4.0.0.tgz}
    name: data-uri-to-buffer
    version: 4.0.0
    engines: {node: '>= 12'}
    dev: false

  mirrors.tencent.com/fetch-blob/3.1.3:
    resolution: {integrity: sha512-ax1Y5I9w+9+JiM+wdHkhBoxew+zG4AJ2SvAD1v1szpddUIiPERVGBxrMcB2ZqW0Y3PP8bOWYv2zqQq1Jp2kqUQ==, registry: https://mirrors.cloud.tencent.com/npm/, tarball: https://mirrors.tencent.com/npm/fetch-blob/-/fetch-blob-3.1.3.tgz}
    name: fetch-blob
    version: 3.1.3
    engines: {node: ^12.20 || >= 14.13}
    dependencies:
      web-streams-polyfill: mirrors.tencent.com/web-streams-polyfill/3.2.0
    dev: false

  mirrors.tencent.com/formdata-polyfill/4.0.10:
    resolution: {integrity: sha512-buewHzMvYL29jdeQTVILecSaZKnt/RJWjoZCF5OW60Z67/GmSLBkOFM7qh1PI3zFNtJbaZL5eQu1vLfazOwj4g==, registry: https://mirrors.cloud.tencent.com/npm/, tarball: https://mirrors.tencent.com/npm/formdata-polyfill/-/formdata-polyfill-4.0.10.tgz}
    name: formdata-polyfill
    version: 4.0.10
    engines: {node: '>=12.20.0'}
    dependencies:
      fetch-blob: mirrors.tencent.com/fetch-blob/3.1.3
    dev: false

  mirrors.tencent.com/node-fetch/3.1.0:
    resolution: {integrity: sha512-QU0WbIfMUjd5+MUzQOYhenAazakV7Irh1SGkWCsRzBwvm4fAhzEUaHMJ6QLP7gWT6WO9/oH2zhKMMGMuIrDyKw==, registry: https://mirrors.cloud.tencent.com/npm/, tarball: http://mirrors.tencent.com/npm/node-fetch/-/node-fetch-3.1.0.tgz}
    name: node-fetch
    version: 3.1.0
    engines: {node: ^12.20.0 || ^14.13.1 || >=16.0.0}
    dependencies:
      data-uri-to-buffer: mirrors.tencent.com/data-uri-to-buffer/4.0.0
      fetch-blob: mirrors.tencent.com/fetch-blob/3.1.3
      formdata-polyfill: mirrors.tencent.com/formdata-polyfill/4.0.10
    dev: false

  mirrors.tencent.com/web-streams-polyfill/3.2.0:
    resolution: {integrity: sha512-EqPmREeOzttaLRm5HS7io98goBgZ7IVz79aDvqjD0kYXLtFZTc0T/U6wHTPKyIjb+MdN7DFIIX6hgdBEpWmfPA==, registry: https://mirrors.cloud.tencent.com/npm/, tarball: http://mirrors.tencent.com/npm/web-streams-polyfill/-/web-streams-polyfill-3.2.0.tgz}
    name: web-streams-polyfill
    version: 3.2.0
    engines: {node: '>= 8'}
    dev: false
